
Microsoft Visual Studio Solution File, Format Version 12.00
# Visual Studio Version 16
VisualStudioVersion = 16.0.32929.386
MinimumVisualStudioVersion = 10.0.40219.1
Project("{2150E333-8FDC-42A3-9474-1A3956D46DE8}") = "src", "src", "{CFCF8E80-9908-40B3-84A0-FB102BFE3451}"
EndProject
Project("{2150E333-8FDC-42A3-9474-1A3956D46DE8}") = "Core", "Core", "{86B06CD5-FA7E-40D6-8EDB-D792AA99B9AF}"
EndProject
Project("{9A19103F-16F7-4668-BE54-9A1E7A4F7556}") = "ProductApp.Domain", "src\Core\ProductApp.Domain\ProductApp.Domain.csproj", "{1CD178B8-0B5F-4BA2-9BB9-769CC8B45D4E}"
EndProject
Project("{9A19103F-16F7-4668-BE54-9A1E7A4F7556}") = "ProductApp.Application", "src\Core\ProductApp.Application\ProductApp.Application.csproj", "{B4C5A60E-4038-42E4-BBD7-7FEC5D4FE95A}"
EndProject
Project("{2150E333-8FDC-42A3-9474-1A3956D46DE8}") = "Infrastructure", "Infrastructure", "{0D8B7A32-8A7E-414E-B30C-FE7E24FAD0DC}"
EndProject
Project("{9A19103F-16F7-4668-BE54-9A1E7A4F7556}") = "ProductApp.Persistence", "src\Infrastructure\ProductApp.Persistence\ProductApp.Persistence.csproj", "{0D5194BB-C549-44E8-805E-244614FD66C3}"
EndProject
Project("{2150E333-8FDC-42A3-9474-1A3956D46DE8}") = "WebApi", "WebApi", "{5C5290F4-A703-47E9-9F44-8AFB9130A930}"
EndProject
Project("{FAE04EC0-301F-11D3-BF4B-00C04F79EFBC}") = "ProductApp.WebApi", "src\WebApi\ProductApp.WebApi\ProductApp.WebApi.csproj", "{D34E74B8-5CCE-4FB9-9A2F-4D99456DD54E}"
EndProject
Global
	GlobalSection(SolutionConfigurationPlatforms) = preSolution
		Debug|Any CPU = Debug|Any CPU
		Release|Any CPU = Release|Any CPU
	EndGlobalSection
	GlobalSection(ProjectConfigurationPlatforms) = postSolution
		{1CD178B8-0B5F-4BA2-9BB9-769CC8B45D4E}.Debug|Any CPU.ActiveCfg = Debug|Any CPU
		{1CD178B8-0B5F-4BA2-9BB9-769CC8B45D4E}.Debug|Any CPU.Build.0 = Debug|Any CPU
		{1CD178B8-0B5F-4BA2-9BB9-769CC8B45D4E}.Release|Any CPU.ActiveCfg = Release|Any CPU
		{1CD178B8-0B5F-4BA2-9BB9-769CC8B45D4E}.Release|Any CPU.Build.0 = Release|Any CPU
		{B4C5A60E-4038-42E4-BBD7-7FEC5D4FE95A}.Debug|Any CPU.ActiveCfg = Debug|Any CPU
		{B4C5A60E-4038-42E4-BBD7-7FEC5D4FE95A}.Debug|Any CPU.Build.0 = Debug|Any CPU
		{B4C5A60E-4038-42E4-BBD7-7FEC5D4FE95A}.Release|Any CPU.ActiveCfg = Release|Any CPU
		{B4C5A60E-4038-42E4-BBD7-7FEC5D4FE95A}.Release|Any CPU.Build.0 = Release|Any CPU
		{0D5194BB-C549-44E8-805E-244614FD66C3}.Debug|Any CPU.ActiveCfg = Debug|Any CPU
		{0D5194BB-C549-44E8-805E-244614FD66C3}.Debug|Any CPU.Build.0 = Debug|Any CPU
		{0D5194BB-C549-44E8-805E-244614FD66C3}.Release|Any CPU.ActiveCfg = Release|Any CPU
		{0D5194BB-C549-44E8-805E-244614FD66C3}.Release|Any CPU.Build.0 = Release|Any CPU
		{D34E74B8-5CCE-4FB9-9A2F-4D99456DD54E}.Debug|Any CPU.ActiveCfg = Debug|Any CPU
		{D34E74B8-5CCE-4FB9-9A2F-4D99456DD54E}.Debug|Any CPU.Build.0 = Debug|Any CPU
		{D34E74B8-5CCE-4FB9-9A2F-4D99456DD54E}.Release|Any CPU.ActiveCfg = Release|Any CPU
		{D34E74B8-5CCE-4FB9-9A2F-4D99456DD54E}.Release|Any CPU.Build.0 = Release|Any CPU
	EndGlobalSection
	GlobalSection(SolutionProperties) = preSolution
		HideSolutionNode = FALSE
	EndGlobalSection
	GlobalSection(NestedProjects) = preSolution
		{86B06CD5-FA7E-40D6-8EDB-D792AA99B9AF} = {CFCF8E80-9908-40B3-84A0-FB102BFE3451}
		{1CD178B8-0B5F-4BA2-9BB9-769CC8B45D4E} = {86B06CD5-FA7E-40D6-8EDB-D792AA99B9AF}
		{B4C5A60E-4038-42E4-BBD7-7FEC5D4FE95A} = {86B06CD5-FA7E-40D6-8EDB-D792AA99B9AF}
		{0D8B7A32-8A7E-414E-B30C-FE7E24FAD0DC} = {CFCF8E80-9908-40B3-84A0-FB102BFE3451}
		{0D5194BB-C549-44E8-805E-244614FD66C3} = {0D8B7A32-8A7E-414E-B30C-FE7E24FAD0DC}
		{5C5290F4-A703-47E9-9F44-8AFB9130A930} = {CFCF8E80-9908-40B3-84A0-FB102BFE3451}
		{D34E74B8-5CCE-4FB9-9A2F-4D99456DD54E} = {5C5290F4-A703-47E9-9F44-8AFB9130A930}
	EndGlobalSection
	GlobalSection(ExtensibilityGlobals) = postSolution
		SolutionGuid = {C925275E-0F61-453B-88F7-66690F48A8A9}
	EndGlobalSection
EndGlobal
